# This file is automatically @generated by Cargo.
# It is not intended for manual editing.
version = 4

[[package]]
name = "crate_in_dev"
version = "0.1.0"
dependencies = [
 "super_secrate",
]

[[package]]
name = "super_secrate"
version = "0.1.0"
source = "registry+https://github.com/rust-lang/crates.io-index"
checksum = "606d4442decf0350dfc65ab6fb34d7a8fa869fc304fc3a0d29575d1edf014d76"
